
Microsoft Visual Studio Solution File, Format Version 12.00
# Visual Studio Version 16
VisualStudioVersion = 16.0.30104.148
MinimumVisualStudioVersion = 10.0.40219.1
Project("{FAE04EC0-301F-11D3-BF4B-00C04F79EFBC}") = "YeldReturnIterator", "YeldReturnIterator\YeldReturnIterator.csproj", "{201017B3-3216-495F-8833-62ADDE122E30}"
EndProject
Global
	GlobalSection(SolutionConfigurationPlatforms) = preSolution
		Debug|Any CPU = Debug|Any CPU
		Release|Any CPU = Release|Any CPU
	EndGlobalSection
	GlobalSection(ProjectConfigurationPlatforms) = postSolution
		{201017B3-3216-495F-8833-62ADDE122E30}.Debug|Any CPU.ActiveCfg = Debug|Any CPU
		{201017B3-3216-495F-8833-62ADDE122E30}.Debug|Any CPU.Build.0 = Debug|Any CPU
		{201017B3-3216-495F-8833-62ADDE122E30}.Release|Any CPU.ActiveCfg = Release|Any CPU
		{201017B3-3216-495F-8833-62ADDE122E30}.Release|Any CPU.Build.0 = Release|Any CPU
	EndGlobalSection
	GlobalSection(SolutionProperties) = preSolution
		HideSolutionNode = FALSE
	EndGlobalSection
	GlobalSection(ExtensibilityGlobals) = postSolution
		SolutionGuid = {27C3DA7E-9FD1-4730-AACF-D6F96B8C9524}
	EndGlobalSection
EndGlobal
